
Microsoft Visual Studio Solution File, Format Version 12.00
# Visual Studio Version 16
VisualStudioVersion = 16.0.32630.194
MinimumVisualStudioVersion = 10.0.40219.1
Project("{9A19103F-16F7-4668-BE54-9A1E7A4F7556}") = "SalesWebMvc", "SalesWebMvc\SalesWebMvc.csproj", "{73C20649-8C77-4D31-B5AD-5F9373DABDF0}"
EndProject
Global
	GlobalSection(SolutionConfigurationPlatforms) = preSolution
		Debug|Any CPU = Debug|Any CPU
		Release|Any CPU = Release|Any CPU
	EndGlobalSection
	GlobalSection(ProjectConfigurationPlatforms) = postSolution
		{73C20649-8C77-4D31-B5AD-5F9373DABDF0}.Debug|Any CPU.ActiveCfg = Debug|Any CPU
		{73C20649-8C77-4D31-B5AD-5F9373DABDF0}.Debug|Any CPU.Build.0 = Debug|Any CPU
		{73C20649-8C77-4D31-B5AD-5F9373DABDF0}.Release|Any CPU.ActiveCfg = Release|Any CPU
		{73C20649-8C77-4D31-B5AD-5F9373DABDF0}.Release|Any CPU.Build.0 = Release|Any CPU
	EndGlobalSection
	GlobalSection(SolutionProperties) = preSolution
		HideSolutionNode = FALSE
	EndGlobalSection
	GlobalSection(ExtensibilityGlobals) = postSolution
		SolutionGuid = {C3308117-8357-4C7E-8CDF-F38779D1B245}
	EndGlobalSection
EndGlobal
